
Microsoft Visual Studio Solution File, Format Version 12.00
# Visual Studio Version 17
VisualStudioVersion = 17.7.34003.232
MinimumVisualStudioVersion = 10.0.40219.1
Project("{FAE04EC0-301F-11D3-BF4B-00C04F79EFBC}") = "DLL demo", "DLL demo\DLL demo.csproj", "{D7C322AD-21FA-43A1-9D47-12AB964132B3}"
EndProject
Project("{FAE04EC0-301F-11D3-BF4B-00C04F79EFBC}") = "volodyaLibrary", "volodyaLibrary\volodyaLibrary.csproj", "{05B4741B-6904-4FC1-A11E-3B4BDBD74AAD}"
EndProject
Global
	GlobalSection(SolutionConfigurationPlatforms) = preSolution
		Debug|Any CPU = Debug|Any CPU
		Release|Any CPU = Release|Any CPU
	EndGlobalSection
	GlobalSection(ProjectConfigurationPlatforms) = postSolution
		{D7C322AD-21FA-43A1-9D47-12AB964132B3}.Debug|Any CPU.ActiveCfg = Debug|Any CPU
		{D7C322AD-21FA-43A1-9D47-12AB964132B3}.Debug|Any CPU.Build.0 = Debug|Any CPU
		{D7C322AD-21FA-43A1-9D47-12AB964132B3}.Release|Any CPU.ActiveCfg = Release|Any CPU
		{D7C322AD-21FA-43A1-9D47-12AB964132B3}.Release|Any CPU.Build.0 = Release|Any CPU
		{05B4741B-6904-4FC1-A11E-3B4BDBD74AAD}.Debug|Any CPU.ActiveCfg = Debug|Any CPU
		{05B4741B-6904-4FC1-A11E-3B4BDBD74AAD}.Debug|Any CPU.Build.0 = Debug|Any CPU
		{05B4741B-6904-4FC1-A11E-3B4BDBD74AAD}.Release|Any CPU.ActiveCfg = Release|Any CPU
		{05B4741B-6904-4FC1-A11E-3B4BDBD74AAD}.Release|Any CPU.Build.0 = Release|Any CPU
	EndGlobalSection
	GlobalSection(SolutionProperties) = preSolution
		HideSolutionNode = FALSE
	EndGlobalSection
	GlobalSection(ExtensibilityGlobals) = postSolution
		SolutionGuid = {44B0C2A7-DCCB-4AFA-919F-D3E8DB1B9890}
	EndGlobalSection
EndGlobal
